// !$*UTF8*$!
{
	archiveVersion = 1;
	classes = {
	};
	objectVersion = 56;
	objects = {

/* Begin PBXBuildFile section */
		7E5A37D72A4DCA81007AB924 /* AppDelegate.swift in Sources */ = {isa = PBXBuildFile; fileRef = 7E5A37D62A4DCA81007AB924 /* AppDelegate.swift */; };
		7E5A37D92A4DCA81007AB924 /* SceneDelegate.swift in Sources */ = {isa = PBXBuildFile; fileRef = 7E5A37D82A4DCA81007AB924 /* SceneDelegate.swift */; };
		7E5A37DB2A4DCA81007AB924 /* MainViewController.swift in Sources */ = {isa = PBXBuildFile; fileRef = 7E5A37DA2A4DCA81007AB924 /* MainViewController.swift */; };
		7E5A37DE2A4DCA81007AB924 /* Main.storyboard in Resources */ = {isa = PBXBuildFile; fileRef = 7E5A37DC2A4DCA81007AB924 /* Main.storyboard */; };
		7E5A37E02A4DCA82007AB924 /* Assets.xcassets in Resources */ = {isa = PBXBuildFile; fileRef = 7E5A37DF2A4DCA82007AB924 /* Assets.xcassets */; };
		7E5A37E32A4DCA82007AB924 /* LaunchScreen.storyboard in Resources */ = {isa = PBXBuildFile; fileRef = 7E5A37E12A4DCA82007AB924 /* LaunchScreen.storyboard */; };
		7E5A37EE2A4DCA83007AB924 /* DiaryTests.swift in Sources */ = {isa = PBXBuildFile; fileRef = 7E5A37ED2A4DCA83007AB924 /* DiaryTests.swift */; };
		7E5A37F82A4DCA83007AB924 /* DiaryUITests.swift in Sources */ = {isa = PBXBuildFile; fileRef = 7E5A37F72A4DCA83007AB924 /* DiaryUITests.swift */; };
		7E5A37FA2A4DCA83007AB924 /* DiaryUITestsLaunchTests.swift in Sources */ = {isa = PBXBuildFile; fileRef = 7E5A37F92A4DCA83007AB924 /* DiaryUITestsLaunchTests.swift */; };
		7E5A380C2A4DCC10007AB924 /* MainPresenter.swift in Sources */ = {isa = PBXBuildFile; fileRef = 7E5A380B2A4DCC10007AB924 /* MainPresenter.swift */; };
		7E5A380E2A4DCC1B007AB924 /* DataItem.swift in Sources */ = {isa = PBXBuildFile; fileRef = 7E5A380D2A4DCC1B007AB924 /* DataItem.swift */; };
		7E5A38102A4DCC4D007AB924 /* DiaryCell.swift in Sources */ = {isa = PBXBuildFile; fileRef = 7E5A380F2A4DCC4D007AB924 /* DiaryCell.swift */; };
		7E5A38122A4DCC5E007AB924 /* DiaryService.swift in Sources */ = {isa = PBXBuildFile; fileRef = 7E5A38112A4DCC5E007AB924 /* DiaryService.swift */; };
		7E5A38172A4DD4A9007AB924 /* EntryViewController.swift in Sources */ = {isa = PBXBuildFile; fileRef = 7E5A38162A4DD4A9007AB924 /* EntryViewController.swift */; };
		7EAB9BE22A4E00AD00FE1424 /* ViewViewController.swift in Sources */ = {isa = PBXBuildFile; fileRef = 7EAB9BE12A4E00AD00FE1424 /* ViewViewController.swift */; };
		9790F2F3B62BACA958DD0453 /* Pods_Diary.framework in Frameworks */ = {isa = PBXBuildFile; fileRef = 25D50FBB3033072AA332479A /* Pods_Diary.framework */; };
		9D8E55C87A1410A746D9B53D /* Pods_Diary_DiaryUITests.framework in Frameworks */ = {isa = PBXBuildFile; fileRef = 4E9535D12C2E889D279C1CCF /* Pods_Diary_DiaryUITests.framework */; };
		CD8B0B44D7DE12E0C4CFAAB6 /* Pods_DiaryTests.framework in Frameworks */ = {isa = PBXBuildFile; fileRef = 6D915A6954DA5CE83DCB5827 /* Pods_DiaryTests.framework */; };
/* End PBXBuildFile section */

/* Begin PBXContainerItemProxy section */
		7E5A37EA2A4DCA83007AB924 /* PBXContainerItemProxy */ = {
			isa = PBXContainerItemProxy;
			containerPortal = 7E5A37CB2A4DCA81007AB924 /* Project object */;
			proxyType = 1;
			remoteGlobalIDString = 7E5A37D22A4DCA81007AB924;
			remoteInfo = Diary;
		};
		7E5A37F42A4DCA83007AB924 /* PBXContainerItemProxy */ = {
			isa = PBXContainerItemProxy;
			containerPortal = 7E5A37CB2A4DCA81007AB924 /* Project object */;
			proxyType = 1;
			remoteGlobalIDString = 7E5A37D22A4DCA81007AB924;
			remoteInfo = Diary;
		};
/* End PBXContainerItemProxy section */

/* Begin PBXFileReference section */
		00CD972D7FF23024FEB5EDA3 /* Pods-Diary.debug.xcconfig */ = {isa = PBXFileReference; includeInIndex = 1; lastKnownFileType = text.xcconfig; name = "Pods-Diary.debug.xcconfig"; path = "Target Support Files/Pods-Diary/Pods-Diary.debug.xcconfig"; sourceTree = "<group>"; };
		25D50FBB3033072AA332479A /* Pods_Diary.framework */ = {isa = PBXFileReference; explicitFileType = wrapper.framework; includeInIndex = 0; path = Pods_Diary.framework; sourceTree = BUILT_PRODUCTS_DIR; };
		4E9535D12C2E889D279C1CCF /* Pods_Diary_DiaryUITests.framework */ = {isa = PBXFileReference; explicitFileType = wrapper.framework; includeInIndex = 0; path = Pods_Diary_DiaryUITests.framework; sourceTree = BUILT_PRODUCTS_DIR; };
		5E19462A2D0CBCF28EAC5BB3 /* Pods-Diary.release.xcconfig */ = {isa = PBXFileReference; includeInIndex = 1; lastKnownFileType = text.xcconfig; name = "Pods-Diary.release.xcconfig"; path = "Target Support Files/Pods-Diary/Pods-Diary.release.xcconfig"; sourceTree = "<group>"; };
		6D915A6954DA5CE83DCB5827 /* Pods_DiaryTests.framework */ = {isa = PBXFileReference; explicitFileType = wrapper.framework; includeInIndex = 0; path = Pods_DiaryTests.framework; sourceTree = BUILT_PRODUCTS_DIR; };
		7E5A37D32A4DCA81007AB924 /* Diary.app */ = {isa = PBXFileReference; explicitFileType = wrapper.application; includeInIndex = 0; path = Diary.app; sourceTree = BUILT_PRODUCTS_DIR; };
		7E5A37D62A4DCA81007AB924 /* AppDelegate.swift */ = {isa = PBXFileReference; lastKnownFileType = sourcecode.swift; path = AppDelegate.swift; sourceTree = "<group>"; };
		7E5A37D82A4DCA81007AB924 /* SceneDelegate.swift */ = {isa = PBXFileReference; lastKnownFileType = sourcecode.swift; path = SceneDelegate.swift; sourceTree = "<group>"; };
		7E5A37DA2A4DCA81007AB924 /* MainViewController.swift */ = {isa = PBXFileReference; lastKnownFileType = sourcecode.swift; path = MainViewController.swift; sourceTree = "<group>"; };
		7E5A37DD2A4DCA81007AB924 /* Base */ = {isa = PBXFileReference; lastKnownFileType = file.storyboard; name = Base; path = Base.lproj/Main.storyboard; sourceTree = "<group>"; };
		7E5A37DF2A4DCA82007AB924 /* Assets.xcassets */ = {isa = PBXFileReference; lastKnownFileType = folder.assetcatalog; path = Assets.xcassets; sourceTree = "<group>"; };
		7E5A37E22A4DCA82007AB924 /* Base */ = {isa = PBXFileReference; lastKnownFileType = file.storyboard; name = Base; path = Base.lproj/LaunchScreen.storyboard; sourceTree = "<group>"; };
		7E5A37E42A4DCA82007AB924 /* Info.plist */ = {isa = PBXFileReference; lastKnownFileType = text.plist.xml; path = Info.plist; sourceTree = "<group>"; };
		7E5A37E92A4DCA83007AB924 /* DiaryTests.xctest */ = {isa = PBXFileReference; explicitFileType = wrapper.cfbundle; includeInIndex = 0; path = DiaryTests.xctest; sourceTree = BUILT_PRODUCTS_DIR; };
		7E5A37ED2A4DCA83007AB924 /* DiaryTests.swift */ = {isa = PBXFileReference; lastKnownFileType = sourcecode.swift; path = DiaryTests.swift; sourceTree = "<group>"; };
		7E5A37F32A4DCA83007AB924 /* DiaryUITests.xctest */ = {isa = PBXFileReference; explicitFileType = wrapper.cfbundle; includeInIndex = 0; path = DiaryUITests.xctest; sourceTree = BUILT_PRODUCTS_DIR; };
		7E5A37F72A4DCA83007AB924 /* DiaryUITests.swift */ = {isa = PBXFileReference; lastKnownFileType = sourcecode.swift; path = DiaryUITests.swift; sourceTree = "<group>"; };
		7E5A37F92A4DCA83007AB924 /* DiaryUITestsLaunchTests.swift */ = {isa = PBXFileReference; lastKnownFileType = sourcecode.swift; path = DiaryUITestsLaunchTests.swift; sourceTree = "<group>"; };
		7E5A380B2A4DCC10007AB924 /* MainPresenter.swift */ = {isa = PBXFileReference; lastKnownFileType = sourcecode.swift; path = MainPresenter.swift; sourceTree = "<group>"; };
		7E5A380D2A4DCC1B007AB924 /* DataItem.swift */ = {isa = PBXFileReference; lastKnownFileType = sourcecode.swift; path = DataItem.swift; sourceTree = "<group>"; };
		7E5A380F2A4DCC4D007AB924 /* DiaryCell.swift */ = {isa = PBXFileReference; lastKnownFileType = sourcecode.swift; path = DiaryCell.swift; sourceTree = "<group>"; };
		7E5A38112A4DCC5E007AB924 /* DiaryService.swift */ = {isa = PBXFileReference; lastKnownFileType = sourcecode.swift; path = DiaryService.swift; sourceTree = "<group>"; };
		7E5A38162A4DD4A9007AB924 /* EntryViewController.swift */ = {isa = PBXFileReference; lastKnownFileType = sourcecode.swift; path = EntryViewController.swift; sourceTree = "<group>"; };
		7EAB9BE12A4E00AD00FE1424 /* ViewViewController.swift */ = {isa = PBXFileReference; lastKnownFileType = sourcecode.swift; path = ViewViewController.swift; sourceTree = "<group>"; };
		9104FB10DA7996E662B31B35 /* Pods-DiaryTests.release.xcconfig */ = {isa = PBXFileReference; includeInIndex = 1; lastKnownFileType = text.xcconfig; name = "Pods-DiaryTests.release.xcconfig"; path = "Target Support Files/Pods-DiaryTests/Pods-DiaryTests.release.xcconfig"; sourceTree = "<group>"; };
		C4DC3AA1263CD4003E83AA84 /* Pods-Diary-DiaryUITests.release.xcconfig */ = {isa = PBXFileReference; includeInIndex = 1; lastKnownFileType = text.xcconfig; name = "Pods-Diary-DiaryUITests.release.xcconfig"; path = "Target Support Files/Pods-Diary-DiaryUITests/Pods-Diary-DiaryUITests.release.xcconfig"; sourceTree = "<group>"; };
		D55C3137A0038D46A1CD5348 /* Pods-Diary-DiaryUITests.debug.xcconfig */ = {isa = PBXFileReference; includeInIndex = 1; lastKnownFileType = text.xcconfig; name = "Pods-Diary-DiaryUITests.debug.xcconfig"; path = "Target Support Files/Pods-Diary-DiaryUITests/Pods-Diary-DiaryUITests.debug.xcconfig"; sourceTree = "<group>"; };
		E316A45FA9F248F1352DE426 /* Pods-DiaryTests.debug.xcconfig */ = {isa = PBXFileReference; includeInIndex = 1; lastKnownFileType = text.xcconfig; name = "Pods-DiaryTests.debug.xcconfig"; path = "Target Support Files/Pods-DiaryTests/Pods-DiaryTests.debug.xcconfig"; sourceTree = "<group>"; };
/* End PBXFileReference section */

/* Begin PBXFrameworksBuildPhase section */
		7E5A37D02A4DCA81007AB924 /* Frameworks */ = {
			isa = PBXFrameworksBuildPhase;
			buildActionMask = 2147483647;
			files = (
				9790F2F3B62BACA958DD0453 /* Pods_Diary.framework in Frameworks */,
			);
			runOnlyForDeploymentPostprocessing = 0;
		};
		7E5A37E62A4DCA83007AB924 /* Frameworks */ = {
			isa = PBXFrameworksBuildPhase;
			buildActionMask = 2147483647;
			files = (
				CD8B0B44D7DE12E0C4CFAAB6 /* Pods_DiaryTests.framework in Frameworks */,
			);
			runOnlyForDeploymentPostprocessing = 0;
		};
		7E5A37F02A4DCA83007AB924 /* Frameworks */ = {
			isa = PBXFrameworksBuildPhase;
			buildActionMask = 2147483647;
			files = (
				9D8E55C87A1410A746D9B53D /* Pods_Diary_DiaryUITests.framework in Frameworks */,
			);
			runOnlyForDeploymentPostprocessing = 0;
		};
/* End PBXFrameworksBuildPhase section */

/* Begin PBXGroup section */
		682C5D718E861A38CE1826B6 /* Pods */ = {
			isa = PBXGroup;
			children = (
				00CD972D7FF23024FEB5EDA3 /* Pods-Diary.debug.xcconfig */,
				5E19462A2D0CBCF28EAC5BB3 /* Pods-Diary.release.xcconfig */,
				D55C3137A0038D46A1CD5348 /* Pods-Diary-DiaryUITests.debug.xcconfig */,
				C4DC3AA1263CD4003E83AA84 /* Pods-Diary-DiaryUITests.release.xcconfig */,
				E316A45FA9F248F1352DE426 /* Pods-DiaryTests.debug.xcconfig */,
				9104FB10DA7996E662B31B35 /* Pods-DiaryTests.release.xcconfig */,
			);
			path = Pods;
			sourceTree = "<group>";
		};
		7E0B96F547530B371FAF65E3 /* Frameworks */ = {
			isa = PBXGroup;
			children = (
				25D50FBB3033072AA332479A /* Pods_Diary.framework */,
				4E9535D12C2E889D279C1CCF /* Pods_Diary_DiaryUITests.framework */,
				6D915A6954DA5CE83DCB5827 /* Pods_DiaryTests.framework */,
			);
			name = Frameworks;
			sourceTree = "<group>";
		};
		7E5A37CA2A4DCA81007AB924 = {
			isa = PBXGroup;
			children = (
				7E5A37D52A4DCA81007AB924 /* Diary */,
				7E5A37EC2A4DCA83007AB924 /* DiaryTests */,
				7E5A37F62A4DCA83007AB924 /* DiaryUITests */,
				7E5A37D42A4DCA81007AB924 /* Products */,
				682C5D718E861A38CE1826B6 /* Pods */,
				7E0B96F547530B371FAF65E3 /* Frameworks */,
			);
			sourceTree = "<group>";
		};
		7E5A37D42A4DCA81007AB924 /* Products */ = {
			isa = PBXGroup;
			children = (
				7E5A37D32A4DCA81007AB924 /* Diary.app */,
				7E5A37E92A4DCA83007AB924 /* DiaryTests.xctest */,
				7E5A37F32A4DCA83007AB924 /* DiaryUITests.xctest */,
			);
			name = Products;
			sourceTree = "<group>";
		};
		7E5A37D52A4DCA81007AB924 /* Diary */ = {
			isa = PBXGroup;
			children = (
				7E5A380A2A4DCBB1007AB924 /* Views */,
				7E5A38092A4DCB9D007AB924 /* Service */,
				7E5A38082A4DCB95007AB924 /* Model */,
				7E5A38072A4DCB8F007AB924 /* Presenters */,
				7E5A38062A4DCB75007AB924 /* Controllers */,
				7E5A37D62A4DCA81007AB924 /* AppDelegate.swift */,
				7E5A37D82A4DCA81007AB924 /* SceneDelegate.swift */,
				7E5A37DC2A4DCA81007AB924 /* Main.storyboard */,
				7E5A37DF2A4DCA82007AB924 /* Assets.xcassets */,
				7E5A37E12A4DCA82007AB924 /* LaunchScreen.storyboard */,
				7E5A37E42A4DCA82007AB924 /* Info.plist */,
			);
			path = Diary;
			sourceTree = "<group>";
		};
		7E5A37EC2A4DCA83007AB924 /* DiaryTests */ = {
			isa = PBXGroup;
			children = (
				7E5A37ED2A4DCA83007AB924 /* DiaryTests.swift */,
			);
			path = DiaryTests;
			sourceTree = "<group>";
		};
		7E5A37F62A4DCA83007AB924 /* DiaryUITests */ = {
			isa = PBXGroup;
			children = (
				7E5A37F72A4DCA83007AB924 /* DiaryUITests.swift */,
				7E5A37F92A4DCA83007AB924 /* DiaryUITestsLaunchTests.swift */,
			);
			path = DiaryUITests;
			sourceTree = "<group>";
		};
		7E5A38062A4DCB75007AB924 /* Controllers */ = {
			isa = PBXGroup;
			children = (
				7E5A37DA2A4DCA81007AB924 /* MainViewController.swift */,
				7E5A38162A4DD4A9007AB924 /* EntryViewController.swift */,
				7EAB9BE12A4E00AD00FE1424 /* ViewViewController.swift */,
			);
			path = Controllers;
			sourceTree = "<group>";
		};
		7E5A38072A4DCB8F007AB924 /* Presenters */ = {
			isa = PBXGroup;
			children = (
				7E5A380B2A4DCC10007AB924 /* MainPresenter.swift */,
			);
			path = Presenters;
			sourceTree = "<group>";
		};
		7E5A38082A4DCB95007AB924 /* Model */ = {
			isa = PBXGroup;
			children = (
				7E5A380D2A4DCC1B007AB924 /* DataItem.swift */,
			);
			path = Model;
			sourceTree = "<group>";
		};
		7E5A38092A4DCB9D007AB924 /* Service */ = {
			isa = PBXGroup;
			children = (
				7E5A38112A4DCC5E007AB924 /* DiaryService.swift */,
			);
			path = Service;
			sourceTree = "<group>";
		};
		7E5A380A2A4DCBB1007AB924 /* Views */ = {
			isa = PBXGroup;
			children = (
				7E5A380F2A4DCC4D007AB924 /* DiaryCell.swift */,
			);
			path = Views;
			sourceTree = "<group>";
		};
/* End PBXGroup section */

/* Begin PBXNativeTarget section */
		7E5A37D22A4DCA81007AB924 /* Diary */ = {
			isa = PBXNativeTarget;
			buildConfigurationList = 7E5A37FD2A4DCA83007AB924 /* Build configuration list for PBXNativeTarget "Diary" */;
			buildPhases = (
				3A5E09D2B98087697E4110E3 /* [CP] Check Pods Manifest.lock */,
				7E5A37CF2A4DCA81007AB924 /* Sources */,
				7E5A37D02A4DCA81007AB924 /* Frameworks */,
				7E5A37D12A4DCA81007AB924 /* Resources */,
				9E947BBA57EEEEDA45DFC370 /* [CP] Embed Pods Frameworks */,
			);
			buildRules = (
			);
			dependencies = (
			);
			name = Diary;
			productName = Diary;
			productReference = 7E5A37D32A4DCA81007AB924 /* Diary.app */;
			productType = "com.apple.product-type.application";
		};
		7E5A37E82A4DCA83007AB924 /* DiaryTests */ = {
			isa = PBXNativeTarget;
			buildConfigurationList = 7E5A38002A4DCA83007AB924 /* Build configuration list for PBXNativeTarget "DiaryTests" */;
			buildPhases = (
				01A6F99F2F5FF8117D9DC788 /* [CP] Check Pods Manifest.lock */,
				7E5A37E52A4DCA83007AB924 /* Sources */,
				7E5A37E62A4DCA83007AB924 /* Frameworks */,
				7E5A37E72A4DCA83007AB924 /* Resources */,
			);
			buildRules = (
			);
			dependencies = (
				7E5A37EB2A4DCA83007AB924 /* PBXTargetDependency */,
			);
			name = DiaryTests;
			productName = DiaryTests;
			productReference = 7E5A37E92A4DCA83007AB924 /* DiaryTests.xctest */;
			productType = "com.apple.product-type.bundle.unit-test";
		};
		7E5A37F22A4DCA83007AB924 /* DiaryUITests */ = {
			isa = PBXNativeTarget;
			buildConfigurationList = 7E5A38032A4DCA83007AB924 /* Build configuration list for PBXNativeTarget "DiaryUITests" */;
			buildPhases = (
				FA611810D852470BA0F2E757 /* [CP] Check Pods Manifest.lock */,
				7E5A37EF2A4DCA83007AB924 /* Sources */,
				7E5A37F02A4DCA83007AB924 /* Frameworks */,
				7E5A37F12A4DCA83007AB924 /* Resources */,
				5462516DCE8883082F6B9A5C /* [CP] Embed Pods Frameworks */,
			);
			buildRules = (
			);
			dependencies = (
				7E5A37F52A4DCA83007AB924 /* PBXTargetDependency */,
			);
			name = DiaryUITests;
			productName = DiaryUITests;
			productReference = 7E5A37F32A4DCA83007AB924 /* DiaryUITests.xctest */;
			productType = "com.apple.product-type.bundle.ui-testing";
		};
/* End PBXNativeTarget section */

/* Begin PBXProject section */
		7E5A37CB2A4DCA81007AB924 /* Project object */ = {
			isa = PBXProject;
			attributes = {
				BuildIndependentTargetsInParallel = 1;
				LastSwiftUpdateCheck = 1420;
				LastUpgradeCheck = 1420;
				TargetAttributes = {
					7E5A37D22A4DCA81007AB924 = {
						CreatedOnToolsVersion = 14.2;
					};
					7E5A37E82A4DCA83007AB924 = {
						CreatedOnToolsVersion = 14.2;
						TestTargetID = 7E5A37D22A4DCA81007AB924;
					};
					7E5A37F22A4DCA83007AB924 = {
						CreatedOnToolsVersion = 14.2;
						TestTargetID = 7E5A37D22A4DCA81007AB924;
					};
				};
			};
			buildConfigurationList = 7E5A37CE2A4DCA81007AB924 /* Build configuration list for PBXProject "Diary" */;
			compatibilityVersion = "Xcode 14.0";
			developmentRegion = en;
			hasScannedForEncodings = 0;
			knownRegions = (
				en,
				Base,
			);
			mainGroup = 7E5A37CA2A4DCA81007AB924;
			productRefGroup = 7E5A37D42A4DCA81007AB924 /* Products */;
			projectDirPath = "";
			projectRoot = "";
			targets = (
				7E5A37D22A4DCA81007AB924 /* Diary */,
				7E5A37E82A4DCA83007AB924 /* DiaryTests */,
				7E5A37F22A4DCA83007AB924 /* DiaryUITests */,
			);
		};
/* End PBXProject section */

/* Begin PBXResourcesBuildPhase section */
		7E5A37D12A4DCA81007AB924 /* Resources */ = {
			isa = PBXResourcesBuildPhase;
			buildActionMask = 2147483647;
			files = (
				7E5A37E32A4DCA82007AB924 /* LaunchScreen.storyboard in Resources */,
				7E5A37E02A4DCA82007AB924 /* Assets.xcassets in Resources */,
				7E5A37DE2A4DCA81007AB924 /* Main.storyboard in Resources */,
			);
			runOnlyForDeploymentPostprocessing = 0;
		};
		7E5A37E72A4DCA83007AB924 /* Resources */ = {
			isa = PBXResourcesBuildPhase;
			buildActionMask = 2147483647;
			files = (
			);
			runOnlyForDeploymentPostprocessing = 0;
		};
		7E5A37F12A4DCA83007AB924 /* Resources */ = {
			isa = PBXResourcesBuildPhase;
			buildActionMask = 2147483647;
			files = (
			);
			runOnlyForDeploymentPostprocessing = 0;
		};
/* End PBXResourcesBuildPhase section */

/* Begin PBXShellScriptBuildPhase section */
		01A6F99F2F5FF8117D9DC788 /* [CP] Check Pods Manifest.lock */ = {
			isa = PBXShellScriptBuildPhase;
			buildActionMask = 2147483647;
			files = (
			);
			inputFileListPaths = (
			);
			inputPaths = (
				"${PODS_PODFILE_DIR_PATH}/Podfile.lock",
				"${PODS_ROOT}/Manifest.lock",
			);
			name = "[CP] Check Pods Manifest.lock";
			outputFileListPaths = (
			);
			outputPaths = (
				"$(DERIVED_FILE_DIR)/Pods-DiaryTests-checkManifestLockResult.txt",
			);
			runOnlyForDeploymentPostprocessing = 0;
			shellPath = /bin/sh;
			shellScript = "diff \"${PODS_PODFILE_DIR_PATH}/Podfile.lock\" \"${PODS_ROOT}/Manifest.lock\" > /dev/null\nif [ $? != 0 ] ; then\n    # print error to STDERR\n    echo \"error: The sandbox is not in sync with the Podfile.lock. Run 'pod install' or update your CocoaPods installation.\" >&2\n    exit 1\nfi\n# This output is used by Xcode 'outputs' to avoid re-running this script phase.\necho \"SUCCESS\" > \"${SCRIPT_OUTPUT_FILE_0}\"\n";
			showEnvVarsInLog = 0;
		};
		3A5E09D2B98087697E4110E3 /* [CP] Check Pods Manifest.lock */ = {
			isa = PBXShellScriptBuildPhase;
			buildActionMask = 2147483647;
			files = (
			);
			inputFileListPaths = (
			);
			inputPaths = (
				"${PODS_PODFILE_DIR_PATH}/Podfile.lock",
				"${PODS_ROOT}/Manifest.lock",
			);
			name = "[CP] Check Pods Manifest.lock";
			outputFileListPaths = (
			);
			outputPaths = (
				"$(DERIVED_FILE_DIR)/Pods-Diary-checkManifestLockResult.txt",
			);
			runOnlyForDeploymentPostprocessing = 0;
			shellPath = /bin/sh;
			shellScript = "diff \"${PODS_PODFILE_DIR_PATH}/Podfile.lock\" \"${PODS_ROOT}/Manifest.lock\" > /dev/null\nif [ $? != 0 ] ; then\n    # print error to STDERR\n    echo \"error: The sandbox is not in sync with the Podfile.lock. Run 'pod install' or update your CocoaPods installation.\" >&2\n    exit 1\nfi\n# This output is used by Xcode 'outputs' to avoid re-running this script phase.\necho \"SUCCESS\" > \"${SCRIPT_OUTPUT_FILE_0}\"\n";
			showEnvVarsInLog = 0;
		};
		5462516DCE8883082F6B9A5C /* [CP] Embed Pods Frameworks */ = {
			isa = PBXShellScriptBuildPhase;
			buildActionMask = 2147483647;
			files = (
			);
			inputFileListPaths = (
				"${PODS_ROOT}/Target Support Files/Pods-Diary-DiaryUITests/Pods-Diary-DiaryUITests-frameworks-${CONFIGURATION}-input-files.xcfilelist",
			);
			name = "[CP] Embed Pods Frameworks";
			outputFileListPaths = (
				"${PODS_ROOT}/Target Support Files/Pods-Diary-DiaryUITests/Pods-Diary-DiaryUITests-frameworks-${CONFIGURATION}-output-files.xcfilelist",
			);
			runOnlyForDeploymentPostprocessing = 0;
			shellPath = /bin/sh;
			shellScript = "\"${PODS_ROOT}/Target Support Files/Pods-Diary-DiaryUITests/Pods-Diary-DiaryUITests-frameworks.sh\"\n";
			showEnvVarsInLog = 0;
		};
		9E947BBA57EEEEDA45DFC370 /* [CP] Embed Pods Frameworks */ = {
			isa = PBXShellScriptBuildPhase;
			buildActionMask = 2147483647;
			files = (
			);
			inputFileListPaths = (
				"${PODS_ROOT}/Target Support Files/Pods-Diary/Pods-Diary-frameworks-${CONFIGURATION}-input-files.xcfilelist",
			);
			name = "[CP] Embed Pods Frameworks";
			outputFileListPaths = (
				"${PODS_ROOT}/Target Support Files/Pods-Diary/Pods-Diary-frameworks-${CONFIGURATION}-output-files.xcfilelist",
			);
			runOnlyForDeploymentPostprocessing = 0;
			shellPath = /bin/sh;
			shellScript = "\"${PODS_ROOT}/Target Support Files/Pods-Diary/Pods-Diary-frameworks.sh\"\n";
			showEnvVarsInLog = 0;
		};
		FA611810D852470BA0F2E757 /* [CP] Check Pods Manifest.lock */ = {
			isa = PBXShellScriptBuildPhase;
			buildActionMask = 2147483647;
			files = (
			);
			inputFileListPaths = (
			);
			inputPaths = (
				"${PODS_PODFILE_DIR_PATH}/Podfile.lock",
				"${PODS_ROOT}/Manifest.lock",
			);
			name = "[CP] Check Pods Manifest.lock";
			outputFileListPaths = (
			);
			outputPaths = (
				"$(DERIVED_FILE_DIR)/Pods-Diary-DiaryUITests-checkManifestLockResult.txt",
			);
			runOnlyForDeploymentPostprocessing = 0;
			shellPath = /bin/sh;
			shellScript = "diff \"${PODS_PODFILE_DIR_PATH}/Podfile.lock\" \"${PODS_ROOT}/Manifest.lock\" > /dev/null\nif [ $? != 0 ] ; then\n    # print error to STDERR\n    echo \"error: The sandbox is not in sync with the Podfile.lock. Run 'pod install' or update your CocoaPods installation.\" >&2\n    exit 1\nfi\n# This output is used by Xcode 'outputs' to avoid re-running this script phase.\necho \"SUCCESS\" > \"${SCRIPT_OUTPUT_FILE_0}\"\n";
			showEnvVarsInLog = 0;
		};
/* End PBXShellScriptBuildPhase section */

/* Begin PBXSourcesBuildPhase section */
		7E5A37CF2A4DCA81007AB924 /* Sources */ = {
			isa = PBXSourcesBuildPhase;
			buildActionMask = 2147483647;
			files = (
				7E5A380E2A4DCC1B007AB924 /* DataItem.swift in Sources */,
				7E5A38122A4DCC5E007AB924 /* DiaryService.swift in Sources */,
				7E5A37DB2A4DCA81007AB924 /* MainViewController.swift in Sources */,
				7EAB9BE22A4E00AD00FE1424 /* ViewViewController.swift in Sources */,
				7E5A37D72A4DCA81007AB924 /* AppDelegate.swift in Sources */,
				7E5A38102A4DCC4D007AB924 /* DiaryCell.swift in Sources */,
				7E5A38172A4DD4A9007AB924 /* EntryViewController.swift in Sources */,
				7E5A37D92A4DCA81007AB924 /* SceneDelegate.swift in Sources */,
				7E5A380C2A4DCC10007AB924 /* MainPresenter.swift in Sources */,
			);
			runOnlyForDeploymentPostprocessing = 0;
		};
		7E5A37E52A4DCA83007AB924 /* Sources */ = {
			isa = PBXSourcesBuildPhase;
			buildActionMask = 2147483647;
			files = (
				7E5A37EE2A4DCA83007AB924 /* DiaryTests.swift in Sources */,
			);
			runOnlyForDeploymentPostprocessing = 0;
		};
		7E5A37EF2A4DCA83007AB924 /* Sources */ = {
			isa = PBXSourcesBuildPhase;
			buildActionMask = 2147483647;
			files = (
				7E5A37FA2A4DCA83007AB924 /* DiaryUITestsLaunchTests.swift in Sources */,
				7E5A37F82A4DCA83007AB924 /* DiaryUITests.swift in Sources */,
			);
			runOnlyForDeploymentPostprocessing = 0;
		};
/* End PBXSourcesBuildPhase section */

/* Begin PBXTargetDependency section */
		7E5A37EB2A4DCA83007AB924 /* PBXTargetDependency */ = {
			isa = PBXTargetDependency;
			target = 7E5A37D22A4DCA81007AB924 /* Diary */;
			targetProxy = 7E5A37EA2A4DCA83007AB924 /* PBXContainerItemProxy */;
		};
		7E5A37F52A4DCA83007AB924 /* PBXTargetDependency */ = {
			isa = PBXTargetDependency;
			target = 7E5A37D22A4DCA81007AB924 /* Diary */;
			targetProxy = 7E5A37F42A4DCA83007AB924 /* PBXContainerItemProxy */;
		};
/* End PBXTargetDependency section */

/* Begin PBXVariantGroup section */
		7E5A37DC2A4DCA81007AB924 /* Main.storyboard */ = {
			isa = PBXVariantGroup;
			children = (
				7E5A37DD2A4DCA81007AB924 /* Base */,
			);
			name = Main.storyboard;
			sourceTree = "<group>";
		};
		7E5A37E12A4DCA82007AB924 /* LaunchScreen.storyboard */ = {
			isa = PBXVariantGroup;
			children = (
				7E5A37E22A4DCA82007AB924 /* Base */,
			);
			name = LaunchScreen.storyboard;
			sourceTree = "<group>";
		};
/* End PBXVariantGroup section */

/* Begin XCBuildConfiguration section */
		7E5A37FB2A4DCA83007AB924 /* Debug */ = {
			isa = XCBuildConfiguration;
			buildSettings = {
				ALWAYS_SEARCH_USER_PATHS = NO;
				CLANG_ANALYZER_NONNULL = YES;
				CLANG_ANALYZER_NUMBER_OBJECT_CONVERSION = YES_AGGRESSIVE;
				CLANG_CXX_LANGUAGE_STANDARD = "gnu++20";
				CLANG_ENABLE_MODULES = YES;
				CLANG_ENABLE_OBJC_ARC = YES;
				CLANG_ENABLE_OBJC_WEAK = YES;
				CLANG_WARN_BLOCK_CAPTURE_AUTORELEASING = YES;
				CLANG_WARN_BOOL_CONVERSION = YES;
				CLANG_WARN_COMMA = YES;
				CLANG_WARN_CONSTANT_CONVERSION = YES;
				CLANG_WARN_DEPRECATED_OBJC_IMPLEMENTATIONS = YES;
				CLANG_WARN_DIRECT_OBJC_ISA_USAGE = YES_ERROR;
				CLANG_WARN_DOCUMENTATION_COMMENTS = YES;
				CLANG_WARN_EMPTY_BODY = YES;
				CLANG_WARN_ENUM_CONVERSION = YES;
				CLANG_WARN_INFINITE_RECURSION = YES;
				CLANG_WARN_INT_CONVERSION = YES;
				CLANG_WARN_NON_LITERAL_NULL_CONVERSION = YES;
				CLANG_WARN_OBJC_IMPLICIT_RETAIN_SELF = YES;
				CLANG_WARN_OBJC_LITERAL_CONVERSION = YES;
				CLANG_WARN_OBJC_ROOT_CLASS = YES_ERROR;
				CLANG_WARN_QUOTED_INCLUDE_IN_FRAMEWORK_HEADER = YES;
				CLANG_WARN_RANGE_LOOP_ANALYSIS = YES;
				CLANG_WARN_STRICT_PROTOTYPES = YES;
				CLANG_WARN_SUSPICIOUS_MOVE = YES;
				CLANG_WARN_UNGUARDED_AVAILABILITY = YES_AGGRESSIVE;
				CLANG_WARN_UNREACHABLE_CODE = YES;
				CLANG_WARN__DUPLICATE_METHOD_MATCH = YES;
				COPY_PHASE_STRIP = NO;
				DEBUG_INFORMATION_FORMAT = dwarf;
				ENABLE_STRICT_OBJC_MSGSEND = YES;
				ENABLE_TESTABILITY = YES;
				GCC_C_LANGUAGE_STANDARD = gnu11;
				GCC_DYNAMIC_NO_PIC = NO;
				GCC_NO_COMMON_BLOCKS = YES;
				GCC_OPTIMIZATION_LEVEL = 0;
				GCC_PREPROCESSOR_DEFINITIONS = (
					"DEBUG=1",
					"$(inherited)",
				);
				GCC_WARN_64_TO_32_BIT_CONVERSION = YES;
				GCC_WARN_ABOUT_RETURN_TYPE = YES_ERROR;
				GCC_WARN_UNDECLARED_SELECTOR = YES;
				GCC_WARN_UNINITIALIZED_AUTOS = YES_AGGRESSIVE;
				GCC_WARN_UNUSED_FUNCTION = YES;
				GCC_WARN_UNUSED_VARIABLE = YES;
				IPHONEOS_DEPLOYMENT_TARGET = 16.2;
				MTL_ENABLE_DEBUG_INFO = INCLUDE_SOURCE;
				MTL_FAST_MATH = YES;
				ONLY_ACTIVE_ARCH = YES;
				SDKROOT = iphoneos;
				SWIFT_ACTIVE_COMPILATION_CONDITIONS = DEBUG;
				SWIFT_OPTIMIZATION_LEVEL = "-Onone";
			};
			name = Debug;
		};
		7E5A37FC2A4DCA83007AB924 /* Release */ = {
			isa = XCBuildConfiguration;
			buildSettings = {
				ALWAYS_SEARCH_USER_PATHS = NO;
				CLANG_ANALYZER_NONNULL = YES;
				CLANG_ANALYZER_NUMBER_OBJECT_CONVERSION = YES_AGGRESSIVE;
				CLANG_CXX_LANGUAGE_STANDARD = "gnu++20";
				CLANG_ENABLE_MODULES = YES;
				CLANG_ENABLE_OBJC_ARC = YES;
				CLANG_ENABLE_OBJC_WEAK = YES;
				CLANG_WARN_BLOCK_CAPTURE_AUTORELEASING = YES;
				CLANG_WARN_BOOL_CONVERSION = YES;
				CLANG_WARN_COMMA = YES;
				CLANG_WARN_CONSTANT_CONVERSION = YES;
				CLANG_WARN_DEPRECATED_OBJC_IMPLEMENTATIONS = YES;
				CLANG_WARN_DIRECT_OBJC_ISA_USAGE = YES_ERROR;
				CLANG_WARN_DOCUMENTATION_COMMENTS = YES;
				CLANG_WARN_EMPTY_BODY = YES;
				CLANG_WARN_ENUM_CONVERSION = YES;
				CLANG_WARN_INFINITE_RECURSION = YES;
				CLANG_WARN_INT_CONVERSION = YES;
				CLANG_WARN_NON_LITERAL_NULL_CONVERSION = YES;
				CLANG_WARN_OBJC_IMPLICIT_RETAIN_SELF = YES;
				CLANG_WARN_OBJC_LITERAL_CONVERSION = YES;
				CLANG_WARN_OBJC_ROOT_CLASS = YES_ERROR;
				CLANG_WARN_QUOTED_INCLUDE_IN_FRAMEWORK_HEADER = YES;
				CLANG_WARN_RANGE_LOOP_ANALYSIS = YES;
				CLANG_WARN_STRICT_PROTOTYPES = YES;
				CLANG_WARN_SUSPICIOUS_MOVE = YES;
				CLANG_WARN_UNGUARDED_AVAILABILITY = YES_AGGRESSIVE;
				CLANG_WARN_UNREACHABLE_CODE = YES;
				CLANG_WARN__DUPLICATE_METHOD_MATCH = YES;
				COPY_PHASE_STRIP = NO;
				DEBUG_INFORMATION_FORMAT = "dwarf-with-dsym";
				ENABLE_NS_ASSERTIONS = NO;
				ENABLE_STRICT_OBJC_MSGSEND = YES;
				GCC_C_LANGUAGE_STANDARD = gnu11;
				GCC_NO_COMMON_BLOCKS = YES;
				GCC_WARN_64_TO_32_BIT_CONVERSION = YES;
				GCC_WARN_ABOUT_RETURN_TYPE = YES_ERROR;
				GCC_WARN_UNDECLARED_SELECTOR = YES;
				GCC_WARN_UNINITIALIZED_AUTOS = YES_AGGRESSIVE;
				GCC_WARN_UNUSED_FUNCTION = YES;
				GCC_WARN_UNUSED_VARIABLE = YES;
				IPHONEOS_DEPLOYMENT_TARGET = 16.2;
				MTL_ENABLE_DEBUG_INFO = NO;
				MTL_FAST_MATH = YES;
				SDKROOT = iphoneos;
				SWIFT_COMPILATION_MODE = wholemodule;
				SWIFT_OPTIMIZATION_LEVEL = "-O";
				VALIDATE_PRODUCT = YES;
			};
			name = Release;
		};
		7E5A37FE2A4DCA83007AB924 /* Debug */ = {
			isa = XCBuildConfiguration;
			baseConfigurationReference = 00CD972D7FF23024FEB5EDA3 /* Pods-Diary.debug.xcconfig */;
			buildSettings = {
				ASSETCATALOG_COMPILER_APPICON_NAME = AppIcon;
				ASSETCATALOG_COMPILER_GLOBAL_ACCENT_COLOR_NAME = AccentColor;
				ASSETCATALOG_COMPILER_INCLUDE_ALL_APPICON_ASSETS = NO;
				CODE_SIGN_STYLE = Automatic;
				CURRENT_PROJECT_VERSION = 1;
				GENERATE_INFOPLIST_FILE = YES;
				INFOPLIST_FILE = Diary/Info.plist;
				INFOPLIST_KEY_UIApplicationSupportsIndirectInputEvents = YES;
				INFOPLIST_KEY_UILaunchStoryboardName = LaunchScreen;
				INFOPLIST_KEY_UISupportedInterfaceOrientations = UIInterfaceOrientationPortrait;
				IPHONEOS_DEPLOYMENT_TARGET = 12.0;
				LD_RUNPATH_SEARCH_PATHS = (
					"$(inherited)",
					"@executable_path/Frameworks",
				);
				MARKETING_VERSION = 1.0;
				PRODUCT_BUNDLE_IDENTIFIER = com.itis.maksyak.Diary;
				PRODUCT_NAME = "$(TARGET_NAME)";
				SWIFT_EMIT_LOC_STRINGS = YES;
				SWIFT_VERSION = 5.0;
				TARGETED_DEVICE_FAMILY = "1,2";
			};
			name = Debug;
		};
		7E5A37FF2A4DCA83007AB924 /* Release */ = {
			isa = XCBuildConfiguration;
			baseConfigurationReference = 5E19462A2D0CBCF28EAC5BB3 /* Pods-Diary.release.xcconfig */;
			buildSettings = {
				ASSETCATALOG_COMPILER_APPICON_NAME = AppIcon;
				ASSETCATALOG_COMPILER_GLOBAL_ACCENT_COLOR_NAME = AccentColor;
				ASSETCATALOG_COMPILER_INCLUDE_ALL_APPICON_ASSETS = NO;
				CODE_SIGN_STYLE = Automatic;
				CURRENT_PROJECT_VERSION = 1;
				GENERATE_INFOPLIST_FILE = YES;
				INFOPLIST_FILE = Diary/Info.plist;
				INFOPLIST_KEY_UIApplicationSupportsIndirectInputEvents = YES;
				INFOPLIST_KEY_UILaunchStoryboardName = LaunchScreen;
				INFOPLIST_KEY_UISupportedInterfaceOrientations = UIInterfaceOrientationPortrait;
				IPHONEOS_DEPLOYMENT_TARGET = 12.0;
				LD_RUNPATH_SEARCH_PATHS = (
					"$(inherited)",
					"@executable_path/Frameworks",
				);
				MARKETING_VERSION = 1.0;
				PRODUCT_BUNDLE_IDENTIFIER = com.itis.maksyak.Diary;
				PRODUCT_NAME = "$(TARGET_NAME)";
				SWIFT_EMIT_LOC_STRINGS = YES;
				SWIFT_VERSION = 5.0;
				TARGETED_DEVICE_FAMILY = "1,2";
			};
			name = Release;
		};
		7E5A38012A4DCA83007AB924 /* Debug */ = {
			isa = XCBuildConfiguration;
			baseConfigurationReference = E316A45FA9F248F1352DE426 /* Pods-DiaryTests.debug.xcconfig */;
			buildSettings = {
				ALWAYS_EMBED_SWIFT_STANDARD_LIBRARIES = YES;
				BUNDLE_LOADER = "$(TEST_HOST)";
				CODE_SIGN_STYLE = Automatic;
				CURRENT_PROJECT_VERSION = 1;
				GENERATE_INFOPLIST_FILE = YES;
				IPHONEOS_DEPLOYMENT_TARGET = 16.2;
				MARKETING_VERSION = 1.0;
				PRODUCT_BUNDLE_IDENTIFIER = com.itis.maksyak.DiaryTests;
				PRODUCT_NAME = "$(TARGET_NAME)";
				SWIFT_EMIT_LOC_STRINGS = NO;
				SWIFT_VERSION = 5.0;
				TARGETED_DEVICE_FAMILY = "1,2";
				TEST_HOST = "$(BUILT_PRODUCTS_DIR)/Diary.app/$(BUNDLE_EXECUTABLE_FOLDER_PATH)/Diary";
			};
			name = Debug;
		};
		7E5A38022A4DCA83007AB924 /* Release */ = {
			isa = XCBuildConfiguration;
			baseConfigurationReference = 9104FB10DA7996E662B31B35 /* Pods-DiaryTests.release.xcconfig */;
			buildSettings = {
				ALWAYS_EMBED_SWIFT_STANDARD_LIBRARIES = YES;
				BUNDLE_LOADER = "$(TEST_HOST)";
				CODE_SIGN_STYLE = Automatic;
				CURRENT_PROJECT_VERSION = 1;
				GENERATE_INFOPLIST_FILE = YES;
				IPHONEOS_DEPLOYMENT_TARGET = 16.2;
				MARKETING_VERSION = 1.0;
				PRODUCT_BUNDLE_IDENTIFIER = com.itis.maksyak.DiaryTests;
				PRODUCT_NAME = "$(TARGET_NAME)";
				SWIFT_EMIT_LOC_STRINGS = NO;
				SWIFT_VERSION = 5.0;
				TARGETED_DEVICE_FAMILY = "1,2";
				TEST_HOST = "$(BUILT_PRODUCTS_DIR)/Diary.app/$(BUNDLE_EXECUTABLE_FOLDER_PATH)/Diary";
			};
			name = Release;
		};
		7E5A38042A4DCA83007AB924 /* Debug */ = {
			isa = XCBuildConfiguration;
			baseConfigurationReference = D55C3137A0038D46A1CD5348 /* Pods-Diary-DiaryUITests.debug.xcconfig */;
			buildSettings = {
				ALWAYS_EMBED_SWIFT_STANDARD_LIBRARIES = YES;
				CODE_SIGN_STYLE = Automatic;
				CURRENT_PROJECT_VERSION = 1;
				GENERATE_INFOPLIST_FILE = YES;
				MARKETING_VERSION = 1.0;
				PRODUCT_BUNDLE_IDENTIFIER = com.itis.maksyak.DiaryUITests;
				PRODUCT_NAME = "$(TARGET_NAME)";
				SWIFT_EMIT_LOC_STRINGS = NO;
				SWIFT_VERSION = 5.0;
				TARGETED_DEVICE_FAMILY = "1,2";
				TEST_TARGET_NAME = Diary;
			};
			name = Debug;
		};
		7E5A38052A4DCA83007AB924 /* Release */ = {
			isa = XCBuildConfiguration;
			baseConfigurationReference = C4DC3AA1263CD4003E83AA84 /* Pods-Diary-DiaryUITests.release.xcconfig */;
			buildSettings = {
				ALWAYS_EMBED_SWIFT_STANDARD_LIBRARIES = YES;
				CODE_SIGN_STYLE = Automatic;
				CURRENT_PROJECT_VERSION = 1;
				GENERATE_INFOPLIST_FILE = YES;
				MARKETING_VERSION = 1.0;
				PRODUCT_BUNDLE_IDENTIFIER = com.itis.maksyak.DiaryUITests;
				PRODUCT_NAME = "$(TARGET_NAME)";
				SWIFT_EMIT_LOC_STRINGS = NO;
				SWIFT_VERSION = 5.0;
				TARGETED_DEVICE_FAMILY = "1,2";
				TEST_TARGET_NAME = Diary;
			};
			name = Release;
		};
/* End XCBuildConfiguration section */

/* Begin XCConfigurationList section */
		7E5A37CE2A4DCA81007AB924 /* Build configuration list for PBXProject "Diary" */ = {
			isa = XCConfigurationList;
			buildConfigurations = (
				7E5A37FB2A4DCA83007AB924 /* Debug */,
				7E5A37FC2A4DCA83007AB924 /* Release */,
			);
			defaultConfigurationIsVisible = 0;
			defaultConfigurationName = Release;
		};
		7E5A37FD2A4DCA83007AB924 /* Build configuration list for PBXNativeTarget "Diary" */ = {
			isa = XCConfigurationList;
			buildConfigurations = (
				7E5A37FE2A4DCA83007AB924 /* Debug */,
				7E5A37FF2A4DCA83007AB924 /* Release */,
			);
			defaultConfigurationIsVisible = 0;
			defaultConfigurationName = Release;
		};
		7E5A38002A4DCA83007AB924 /* Build configuration list for PBXNativeTarget "DiaryTests" */ = {
			isa = XCConfigurationList;
			buildConfigurations = (
				7E5A38012A4DCA83007AB924 /* Debug */,
				7E5A38022A4DCA83007AB924 /* Release */,
			);
			defaultConfigurationIsVisible = 0;
			defaultConfigurationName = Release;
		};
		7E5A38032A4DCA83007AB924 /* Build configuration list for PBXNativeTarget "DiaryUITests" */ = {
			isa = XCConfigurationList;
			buildConfigurations = (
				7E5A38042A4DCA83007AB924 /* Debug */,
				7E5A38052A4DCA83007AB924 /* Release */,
			);
			defaultConfigurationIsVisible = 0;
			defaultConfigurationName = Release;
		};
/* End XCConfigurationList section */
	};
	rootObject = 7E5A37CB2A4DCA81007AB924 /* Project object */;
}
