// !$*UTF8*$!
{
	archiveVersion = 1;
	classes = {
	};
	objectVersion = 56;
	objects = {

/* Begin PBXBuildFile section */
		7E5A37D72A4DCA81007AB924 /* AppDelegate.swift in Sources */ = {isa = PBXBuildFile; fileRef = 7E5A37D62A4DCA81007AB924 /* AppDelegate.swift */; };
		7E5A37D92A4DCA81007AB924 /* SceneDelegate.swift in Sources */ = {isa = PBXBuildFile; fileRef = 7E5A37D82A4DCA81007AB924 /* SceneDelegate.swift */; };
		7E5A37DB2A4DCA81007AB924 /* ViewController.swift in Sources */ = {isa = PBXBuildFile; fileRef = 7E5A37DA2A4DCA81007AB924 /* ViewController.swift */; };
		7E5A37DE2A4DCA81007AB924 /* Main.storyboard in Resources */ = {isa = PBXBuildFile; fileRef = 7E5A37DC2A4DCA81007AB924 /* Main.storyboard */; };
		7E5A37E02A4DCA82007AB924 /* Assets.xcassets in Resources */ = {isa = PBXBuildFile; fileRef = 7E5A37DF2A4DCA82007AB924 /* Assets.xcassets */; };
		7E5A37E32A4DCA82007AB924 /* LaunchScreen.storyboard in Resources */ = {isa = PBXBuildFile; fileRef = 7E5A37E12A4DCA82007AB924 /* LaunchScreen.storyboard */; };
		7E5A37EE2A4DCA83007AB924 /* DiaryTests.swift in Sources */ = {isa = PBXBuildFile; fileRef = 7E5A37ED2A4DCA83007AB924 /* DiaryTests.swift */; };
		7E5A37F82A4DCA83007AB924 /* DiaryUITests.swift in Sources */ = {isa = PBXBuildFile; fileRef = 7E5A37F72A4DCA83007AB924 /* DiaryUITests.swift */; };
		7E5A37FA2A4DCA83007AB924 /* DiaryUITestsLaunchTests.swift in Sources */ = {isa = PBXBuildFile; fileRef = 7E5A37F92A4DCA83007AB924 /* DiaryUITestsLaunchTests.swift */; };
/* End PBXBuildFile section */

/* Begin PBXContainerItemProxy section */
		7E5A37EA2A4DCA83007AB924 /* PBXContainerItemProxy */ = {
			isa = PBXContainerItemProxy;
			containerPortal = 7E5A37CB2A4DCA81007AB924 /* Project object */;
			proxyType = 1;
			remoteGlobalIDString = 7E5A37D22A4DCA81007AB924;
			remoteInfo = Diary;
		};
		7E5A37F42A4DCA83007AB924 /* PBXContainerItemProxy */ = {
			isa = PBXContainerItemProxy;
			containerPortal = 7E5A37CB2A4DCA81007AB924 /* Project object */;
			proxyType = 1;
			remoteGlobalIDString = 7E5A37D22A4DCA81007AB924;
			remoteInfo = Diary;
		};
/* End PBXContainerItemProxy section */

/* Begin PBXFileReference section */
		7E5A37D32A4DCA81007AB924 /* Diary.app */ = {isa = PBXFileReference; explicitFileType = wrapper.application; includeInIndex = 0; path = Diary.app; sourceTree = BUILT_PRODUCTS_DIR; };
		7E5A37D62A4DCA81007AB924 /* AppDelegate.swift */ = {isa = PBXFileReference; lastKnownFileType = sourcecode.swift; path = AppDelegate.swift; sourceTree = "<group>"; };
		7E5A37D82A4DCA81007AB924 /* SceneDelegate.swift */ = {isa = PBXFileReference; lastKnownFileType = sourcecode.swift; path = SceneDelegate.swift; sourceTree = "<group>"; };
		7E5A37DA2A4DCA81007AB924 /* ViewController.swift */ = {isa = PBXFileReference; lastKnownFileType = sourcecode.swift; path = ViewController.swift; sourceTree = "<group>"; };
		7E5A37DD2A4DCA81007AB924 /* Base */ = {isa = PBXFileReference; lastKnownFileType = file.storyboard; name = Base; path = Base.lproj/Main.storyboard; sourceTree = "<group>"; };
		7E5A37DF2A4DCA82007AB924 /* Assets.xcassets */ = {isa = PBXFileReference; lastKnownFileType = folder.assetcatalog; path = Assets.xcassets; sourceTree = "<group>"; };
		7E5A37E22A4DCA82007AB924 /* Base */ = {isa = PBXFileReference; lastKnownFileType = file.storyboard; name = Base; path = Base.lproj/LaunchScreen.storyboard; sourceTree = "<group>"; };
		7E5A37E42A4DCA82007AB924 /* Info.plist */ = {isa = PBXFileReference; lastKnownFileType = text.plist.xml; path = Info.plist; sourceTree = "<group>"; };
		7E5A37E92A4DCA83007AB924 /* DiaryTests.xctest */ = {isa = PBXFileReference; explicitFileType = wrapper.cfbundle; includeInIndex = 0; path = DiaryTests.xctest; sourceTree = BUILT_PRODUCTS_DIR; };
		7E5A37ED2A4DCA83007AB924 /* DiaryTests.swift */ = {isa = PBXFileReference; lastKnownFileType = sourcecode.swift; path = DiaryTests.swift; sourceTree = "<group>"; };
		7E5A37F32A4DCA83007AB924 /* DiaryUITests.xctest */ = {isa = PBXFileReference; explicitFileType = wrapper.cfbundle; includeInIndex = 0; path = DiaryUITests.xctest; sourceTree = BUILT_PRODUCTS_DIR; };
		7E5A37F72A4DCA83007AB924 /* DiaryUITests.swift */ = {isa = PBXFileReference; lastKnownFileType = sourcecode.swift; path = DiaryUITests.swift; sourceTree = "<group>"; };
		7E5A37F92A4DCA83007AB924 /* DiaryUITestsLaunchTests.swift */ = {isa = PBXFileReference; lastKnownFileType = sourcecode.swift; path = DiaryUITestsLaunchTests.swift; sourceTree = "<group>"; };
/* End PBXFileReference section */

/* Begin PBXFrameworksBuildPhase section */
		7E5A37D02A4DCA81007AB924 /* Frameworks */ = {
			isa = PBXFrameworksBuildPhase;
			buildActionMask = 2147483647;
			files = (
			);
			runOnlyForDeploymentPostprocessing = 0;
		};
		7E5A37E62A4DCA83007AB924 /* Frameworks */ = {
			isa = PBXFrameworksBuildPhase;
			buildActionMask = 2147483647;
			files = (
			);
			runOnlyForDeploymentPostprocessing = 0;
		};
		7E5A37F02A4DCA83007AB924 /* Frameworks */ = {
			isa = PBXFrameworksBuildPhase;
			buildActionMask = 2147483647;
			files = (
			);
			runOnlyForDeploymentPostprocessing = 0;
		};
/* End PBXFrameworksBuildPhase section */

/* Begin PBXGroup section */
		7E5A37CA2A4DCA81007AB924 = {
			isa = PBXGroup;
			children = (
				7E5A37D52A4DCA81007AB924 /* Diary */,
				7E5A37EC2A4DCA83007AB924 /* DiaryTests */,
				7E5A37F62A4DCA83007AB924 /* DiaryUITests */,
				7E5A37D42A4DCA81007AB924 /* Products */,
			);
			sourceTree = "<group>";
		};
		7E5A37D42A4DCA81007AB924 /* Products */ = {
			isa = PBXGroup;
			children = (
				7E5A37D32A4DCA81007AB924 /* Diary.app */,
				7E5A37E92A4DCA83007AB924 /* DiaryTests.xctest */,
				7E5A37F32A4DCA83007AB924 /* DiaryUITests.xctest */,
			);
			name = Products;
			sourceTree = "<group>";
		};
		7E5A37D52A4DCA81007AB924 /* Diary */ = {
			isa = PBXGroup;
			children = (
				7E5A37D62A4DCA81007AB924 /* AppDelegate.swift */,
				7E5A37D82A4DCA81007AB924 /* SceneDelegate.swift */,
				7E5A37DA2A4DCA81007AB924 /* ViewController.swift */,
				7E5A37DC2A4DCA81007AB924 /* Main.storyboard */,
				7E5A37DF2A4DCA82007AB924 /* Assets.xcassets */,
				7E5A37E12A4DCA82007AB924 /* LaunchScreen.storyboard */,
				7E5A37E42A4DCA82007AB924 /* Info.plist */,
			);
			path = Diary;
			sourceTree = "<group>";
		};
		7E5A37EC2A4DCA83007AB924 /* DiaryTests */ = {
			isa = PBXGroup;
			children = (
				7E5A37ED2A4DCA83007AB924 /* DiaryTests.swift */,
			);
			path = DiaryTests;
			sourceTree = "<group>";
		};
		7E5A37F62A4DCA83007AB924 /* DiaryUITests */ = {
			isa = PBXGroup;
			children = (
				7E5A37F72A4DCA83007AB924 /* DiaryUITests.swift */,
				7E5A37F92A4DCA83007AB924 /* DiaryUITestsLaunchTests.swift */,
			);
			path = DiaryUITests;
			sourceTree = "<group>";
		};
/* End PBXGroup section */

/* Begin PBXNativeTarget section */
		7E5A37D22A4DCA81007AB924 /* Diary */ = {
			isa = PBXNativeTarget;
			buildConfigurationList = 7E5A37FD2A4DCA83007AB924 /* Build configuration list for PBXNativeTarget "Diary" */;
			buildPhases = (
				7E5A37CF2A4DCA81007AB924 /* Sources */,
				7E5A37D02A4DCA81007AB924 /* Frameworks */,
				7E5A37D12A4DCA81007AB924 /* Resources */,
			);
			buildRules = (
			);
			dependencies = (
			);
			name = Diary;
			productName = Diary;
			productReference = 7E5A37D32A4DCA81007AB924 /* Diary.app */;
			productType = "com.apple.product-type.application";
		};
		7E5A37E82A4DCA83007AB924 /* DiaryTests */ = {
			isa = PBXNativeTarget;
			buildConfigurationList = 7E5A38002A4DCA83007AB924 /* Build configuration list for PBXNativeTarget "DiaryTests" */;
			buildPhases = (
				7E5A37E52A4DCA83007AB924 /* Sources */,
				7E5A37E62A4DCA83007AB924 /* Frameworks */,
				7E5A37E72A4DCA83007AB924 /* Resources */,
			);
			buildRules = (
			);
			dependencies = (
				7E5A37EB2A4DCA83007AB924 /* PBXTargetDependency */,
			);
			name = DiaryTests;
			productName = DiaryTests;
			productReference = 7E5A37E92A4DCA83007AB924 /* DiaryTests.xctest */;
			productType = "com.apple.product-type.bundle.unit-test";
		};
		7E5A37F22A4DCA83007AB924 /* DiaryUITests */ = {
			isa = PBXNativeTarget;
			buildConfigurationList = 7E5A38032A4DCA83007AB924 /* Build configuration list for PBXNativeTarget "DiaryUITests" */;
			buildPhases = (
				7E5A37EF2A4DCA83007AB924 /* Sources */,
				7E5A37F02A4DCA83007AB924 /* Frameworks */,
				7E5A37F12A4DCA83007AB924 /* Resources */,
			);
			buildRules = (
			);
			dependencies = (
				7E5A37F52A4DCA83007AB924 /* PBXTargetDependency */,
			);
			name = DiaryUITests;
			productName = DiaryUITests;
			productReference = 7E5A37F32A4DCA83007AB924 /* DiaryUITests.xctest */;
			productType = "com.apple.product-type.bundle.ui-testing";
		};
/* End PBXNativeTarget section */

/* Begin PBXProject section */
		7E5A37CB2A4DCA81007AB924 /* Project object */ = {
			isa = PBXProject;
			attributes = {
				BuildIndependentTargetsInParallel = 1;
				LastSwiftUpdateCheck = 1420;
				LastUpgradeCheck = 1420;
				TargetAttributes = {
					7E5A37D22A4DCA81007AB924 = {
						CreatedOnToolsVersion = 14.2;
					};
					7E5A37E82A4DCA83007AB924 = {
						CreatedOnToolsVersion = 14.2;
						TestTargetID = 7E5A37D22A4DCA81007AB924;
					};
					7E5A37F22A4DCA83007AB924 = {
						CreatedOnToolsVersion = 14.2;
						TestTargetID = 7E5A37D22A4DCA81007AB924;
					};
				};
			};
			buildConfigurationList = 7E5A37CE2A4DCA81007AB924 /* Build configuration list for PBXProject "Diary" */;
			compatibilityVersion = "Xcode 14.0";
			developmentRegion = en;
			hasScannedForEncodings = 0;
			knownRegions = (
				en,
				Base,
			);
			mainGroup = 7E5A37CA2A4DCA81007AB924;
			productRefGroup = 7E5A37D42A4DCA81007AB924 /* Products */;
			projectDirPath = "";
			projectRoot = "";
			targets = (
				7E5A37D22A4DCA81007AB924 /* Diary */,
				7E5A37E82A4DCA83007AB924 /* DiaryTests */,
				7E5A37F22A4DCA83007AB924 /* DiaryUITests */,
			);
		};
/* End PBXProject section */

/* Begin PBXResourcesBuildPhase section */
		7E5A37D12A4DCA81007AB924 /* Resources */ = {
			isa = PBXResourcesBuildPhase;
			buildActionMask = 2147483647;
			files = (
				7E5A37E32A4DCA82007AB924 /* LaunchScreen.storyboard in Resources */,
				7E5A37E02A4DCA82007AB924 /* Assets.xcassets in Resources */,
				7E5A37DE2A4DCA81007AB924 /* Main.storyboard in Resources */,
			);
			runOnlyForDeploymentPostprocessing = 0;
		};
		7E5A37E72A4DCA83007AB924 /* Resources */ = {
			isa = PBXResourcesBuildPhase;
			buildActionMask = 2147483647;
			files = (
			);
			runOnlyForDeploymentPostprocessing = 0;
		};
		7E5A37F12A4DCA83007AB924 /* Resources */ = {
			isa = PBXResourcesBuildPhase;
			buildActionMask = 2147483647;
			files = (
			);
			runOnlyForDeploymentPostprocessing = 0;
		};
/* End PBXResourcesBuildPhase section */

/* Begin PBXSourcesBuildPhase section */
		7E5A37CF2A4DCA81007AB924 /* Sources */ = {
			isa = PBXSourcesBuildPhase;
			buildActionMask = 2147483647;
			files = (
				7E5A37DB2A4DCA81007AB924 /* ViewController.swift in Sources */,
				7E5A37D72A4DCA81007AB924 /* AppDelegate.swift in Sources */,
				7E5A37D92A4DCA81007AB924 /* SceneDelegate.swift in Sources */,
			);
			runOnlyForDeploymentPostprocessing = 0;
		};
		7E5A37E52A4DCA83007AB924 /* Sources */ = {
			isa = PBXSourcesBuildPhase;
			buildActionMask = 2147483647;
			files = (
				7E5A37EE2A4DCA83007AB924 /* DiaryTests.swift in Sources */,
			);
			runOnlyForDeploymentPostprocessing = 0;
		};
		7E5A37EF2A4DCA83007AB924 /* Sources */ = {
			isa = PBXSourcesBuildPhase;
			buildActionMask = 2147483647;
			files = (
				7E5A37FA2A4DCA83007AB924 /* DiaryUITestsLaunchTests.swift in Sources */,
				7E5A37F82A4DCA83007AB924 /* DiaryUITests.swift in Sources */,
			);
			runOnlyForDeploymentPostprocessing = 0;
		};
/* End PBXSourcesBuildPhase section */

/* Begin PBXTargetDependency section */
		7E5A37EB2A4DCA83007AB924 /* PBXTargetDependency */ = {
			isa = PBXTargetDependency;
			target = 7E5A37D22A4DCA81007AB924 /* Diary */;
			targetProxy = 7E5A37EA2A4DCA83007AB924 /* PBXContainerItemProxy */;
		};
		7E5A37F52A4DCA83007AB924 /* PBXTargetDependency */ = {
			isa = PBXTargetDependency;
			target = 7E5A37D22A4DCA81007AB924 /* Diary */;
			targetProxy = 7E5A37F42A4DCA83007AB924 /* PBXContainerItemProxy */;
		};
/* End PBXTargetDependency section */

/* Begin PBXVariantGroup section */
		7E5A37DC2A4DCA81007AB924 /* Main.storyboard */ = {
			isa = PBXVariantGroup;
			children = (
				7E5A37DD2A4DCA81007AB924 /* Base */,
			);
			name = Main.storyboard;
			sourceTree = "<group>";
		};
		7E5A37E12A4DCA82007AB924 /* LaunchScreen.storyboard */ = {
			isa = PBXVariantGroup;
			children = (
				7E5A37E22A4DCA82007AB924 /* Base */,
			);
			name = LaunchScreen.storyboard;
			sourceTree = "<group>";
		};
/* End PBXVariantGroup section */

/* Begin XCBuildConfiguration section */
		7E5A37FB2A4DCA83007AB924 /* Debug */ = {
			isa = XCBuildConfiguration;
			buildSettings = {
				ALWAYS_SEARCH_USER_PATHS = NO;
				CLANG_ANALYZER_NONNULL = YES;
				CLANG_ANALYZER_NUMBER_OBJECT_CONVERSION = YES_AGGRESSIVE;
				CLANG_CXX_LANGUAGE_STANDARD = "gnu++20";
				CLANG_ENABLE_MODULES = YES;
				CLANG_ENABLE_OBJC_ARC = YES;
				CLANG_ENABLE_OBJC_WEAK = YES;
				CLANG_WARN_BLOCK_CAPTURE_AUTORELEASING = YES;
				CLANG_WARN_BOOL_CONVERSION = YES;
				CLANG_WARN_COMMA = YES;
				CLANG_WARN_CONSTANT_CONVERSION = YES;
				CLANG_WARN_DEPRECATED_OBJC_IMPLEMENTATIONS = YES;
				CLANG_WARN_DIRECT_OBJC_ISA_USAGE = YES_ERROR;
				CLANG_WARN_DOCUMENTATION_COMMENTS = YES;
				CLANG_WARN_EMPTY_BODY = YES;
				CLANG_WARN_ENUM_CONVERSION = YES;
				CLANG_WARN_INFINITE_RECURSION = YES;
				CLANG_WARN_INT_CONVERSION = YES;
				CLANG_WARN_NON_LITERAL_NULL_CONVERSION = YES;
				CLANG_WARN_OBJC_IMPLICIT_RETAIN_SELF = YES;
				CLANG_WARN_OBJC_LITERAL_CONVERSION = YES;
				CLANG_WARN_OBJC_ROOT_CLASS = YES_ERROR;
				CLANG_WARN_QUOTED_INCLUDE_IN_FRAMEWORK_HEADER = YES;
				CLANG_WARN_RANGE_LOOP_ANALYSIS = YES;
				CLANG_WARN_STRICT_PROTOTYPES = YES;
				CLANG_WARN_SUSPICIOUS_MOVE = YES;
				CLANG_WARN_UNGUARDED_AVAILABILITY = YES_AGGRESSIVE;
				CLANG_WARN_UNREACHABLE_CODE = YES;
				CLANG_WARN__DUPLICATE_METHOD_MATCH = YES;
				COPY_PHASE_STRIP = NO;
				DEBUG_INFORMATION_FORMAT = dwarf;
				ENABLE_STRICT_OBJC_MSGSEND = YES;
				ENABLE_TESTABILITY = YES;
				GCC_C_LANGUAGE_STANDARD = gnu11;
				GCC_DYNAMIC_NO_PIC = NO;
				GCC_NO_COMMON_BLOCKS = YES;
				GCC_OPTIMIZATION_LEVEL = 0;
				GCC_PREPROCESSOR_DEFINITIONS = (
					"DEBUG=1",
					"$(inherited)",
				);
				GCC_WARN_64_TO_32_BIT_CONVERSION = YES;
				GCC_WARN_ABOUT_RETURN_TYPE = YES_ERROR;
				GCC_WARN_UNDECLARED_SELECTOR = YES;
				GCC_WARN_UNINITIALIZED_AUTOS = YES_AGGRESSIVE;
				GCC_WARN_UNUSED_FUNCTION = YES;
				GCC_WARN_UNUSED_VARIABLE = YES;
				IPHONEOS_DEPLOYMENT_TARGET = 16.2;
				MTL_ENABLE_DEBUG_INFO = INCLUDE_SOURCE;
				MTL_FAST_MATH = YES;
				ONLY_ACTIVE_ARCH = YES;
				SDKROOT = iphoneos;
				SWIFT_ACTIVE_COMPILATION_CONDITIONS = DEBUG;
				SWIFT_OPTIMIZATION_LEVEL = "-Onone";
			};
			name = Debug;
		};
		7E5A37FC2A4DCA83007AB924 /* Release */ = {
			isa = XCBuildConfiguration;
			buildSettings = {
				ALWAYS_SEARCH_USER_PATHS = NO;
				CLANG_ANALYZER_NONNULL = YES;
				CLANG_ANALYZER_NUMBER_OBJECT_CONVERSION = YES_AGGRESSIVE;
				CLANG_CXX_LANGUAGE_STANDARD = "gnu++20";
				CLANG_ENABLE_MODULES = YES;
				CLANG_ENABLE_OBJC_ARC = YES;
				CLANG_ENABLE_OBJC_WEAK = YES;
				CLANG_WARN_BLOCK_CAPTURE_AUTORELEASING = YES;
				CLANG_WARN_BOOL_CONVERSION = YES;
				CLANG_WARN_COMMA = YES;
				CLANG_WARN_CONSTANT_CONVERSION = YES;
				CLANG_WARN_DEPRECATED_OBJC_IMPLEMENTATIONS = YES;
				CLANG_WARN_DIRECT_OBJC_ISA_USAGE = YES_ERROR;
				CLANG_WARN_DOCUMENTATION_COMMENTS = YES;
				CLANG_WARN_EMPTY_BODY = YES;
				CLANG_WARN_ENUM_CONVERSION = YES;
				CLANG_WARN_INFINITE_RECURSION = YES;
				CLANG_WARN_INT_CONVERSION = YES;
				CLANG_WARN_NON_LITERAL_NULL_CONVERSION = YES;
				CLANG_WARN_OBJC_IMPLICIT_RETAIN_SELF = YES;
				CLANG_WARN_OBJC_LITERAL_CONVERSION = YES;
				CLANG_WARN_OBJC_ROOT_CLASS = YES_ERROR;
				CLANG_WARN_QUOTED_INCLUDE_IN_FRAMEWORK_HEADER = YES;
				CLANG_WARN_RANGE_LOOP_ANALYSIS = YES;
				CLANG_WARN_STRICT_PROTOTYPES = YES;
				CLANG_WARN_SUSPICIOUS_MOVE = YES;
				CLANG_WARN_UNGUARDED_AVAILABILITY = YES_AGGRESSIVE;
				CLANG_WARN_UNREACHABLE_CODE = YES;
				CLANG_WARN__DUPLICATE_METHOD_MATCH = YES;
				COPY_PHASE_STRIP = NO;
				DEBUG_INFORMATION_FORMAT = "dwarf-with-dsym";
				ENABLE_NS_ASSERTIONS = NO;
				ENABLE_STRICT_OBJC_MSGSEND = YES;
				GCC_C_LANGUAGE_STANDARD = gnu11;
				GCC_NO_COMMON_BLOCKS = YES;
				GCC_WARN_64_TO_32_BIT_CONVERSION = YES;
				GCC_WARN_ABOUT_RETURN_TYPE = YES_ERROR;
				GCC_WARN_UNDECLARED_SELECTOR = YES;
				GCC_WARN_UNINITIALIZED_AUTOS = YES_AGGRESSIVE;
				GCC_WARN_UNUSED_FUNCTION = YES;
				GCC_WARN_UNUSED_VARIABLE = YES;
				IPHONEOS_DEPLOYMENT_TARGET = 16.2;
				MTL_ENABLE_DEBUG_INFO = NO;
				MTL_FAST_MATH = YES;
				SDKROOT = iphoneos;
				SWIFT_COMPILATION_MODE = wholemodule;
				SWIFT_OPTIMIZATION_LEVEL = "-O";
				VALIDATE_PRODUCT = YES;
			};
			name = Release;
		};
		7E5A37FE2A4DCA83007AB924 /* Debug */ = {
			isa = XCBuildConfiguration;
			buildSettings = {
				ASSETCATALOG_COMPILER_APPICON_NAME = AppIcon;
				ASSETCATALOG_COMPILER_GLOBAL_ACCENT_COLOR_NAME = AccentColor;
				CODE_SIGN_STYLE = Automatic;
				CURRENT_PROJECT_VERSION = 1;
				GENERATE_INFOPLIST_FILE = YES;
				INFOPLIST_FILE = Diary/Info.plist;
				INFOPLIST_KEY_UIApplicationSupportsIndirectInputEvents = YES;
				INFOPLIST_KEY_UILaunchStoryboardName = LaunchScreen;
				INFOPLIST_KEY_UIMainStoryboardFile = Main;
				INFOPLIST_KEY_UISupportedInterfaceOrientations_iPad = "UIInterfaceOrientationPortrait UIInterfaceOrientationPortraitUpsideDown UIInterfaceOrientationLandscapeLeft UIInterfaceOrientationLandscapeRight";
				INFOPLIST_KEY_UISupportedInterfaceOrientations_iPhone = "UIInterfaceOrientationPortrait UIInterfaceOrientationLandscapeLeft UIInterfaceOrientationLandscapeRight";
				LD_RUNPATH_SEARCH_PATHS = (
					"$(inherited)",
					"@executable_path/Frameworks",
				);
				MARKETING_VERSION = 1.0;
				PRODUCT_BUNDLE_IDENTIFIER = com.itis.maksyak.Diary;
				PRODUCT_NAME = "$(TARGET_NAME)";
				SWIFT_EMIT_LOC_STRINGS = YES;
				SWIFT_VERSION = 5.0;
				TARGETED_DEVICE_FAMILY = "1,2";
			};
			name = Debug;
		};
		7E5A37FF2A4DCA83007AB924 /* Release */ = {
			isa = XCBuildConfiguration;
			buildSettings = {
				ASSETCATALOG_COMPILER_APPICON_NAME = AppIcon;
				ASSETCATALOG_COMPILER_GLOBAL_ACCENT_COLOR_NAME = AccentColor;
				CODE_SIGN_STYLE = Automatic;
				CURRENT_PROJECT_VERSION = 1;
				GENERATE_INFOPLIST_FILE = YES;
				INFOPLIST_FILE = Diary/Info.plist;
				INFOPLIST_KEY_UIApplicationSupportsIndirectInputEvents = YES;
				INFOPLIST_KEY_UILaunchStoryboardName = LaunchScreen;
				INFOPLIST_KEY_UIMainStoryboardFile = Main;
				INFOPLIST_KEY_UISupportedInterfaceOrientations_iPad = "UIInterfaceOrientationPortrait UIInterfaceOrientationPortraitUpsideDown UIInterfaceOrientationLandscapeLeft UIInterfaceOrientationLandscapeRight";
				INFOPLIST_KEY_UISupportedInterfaceOrientations_iPhone = "UIInterfaceOrientationPortrait UIInterfaceOrientationLandscapeLeft UIInterfaceOrientationLandscapeRight";
				LD_RUNPATH_SEARCH_PATHS = (
					"$(inherited)",
					"@executable_path/Frameworks",
				);
				MARKETING_VERSION = 1.0;
				PRODUCT_BUNDLE_IDENTIFIER = com.itis.maksyak.Diary;
				PRODUCT_NAME = "$(TARGET_NAME)";
				SWIFT_EMIT_LOC_STRINGS = YES;
				SWIFT_VERSION = 5.0;
				TARGETED_DEVICE_FAMILY = "1,2";
			};
			name = Release;
		};
		7E5A38012A4DCA83007AB924 /* Debug */ = {
			isa = XCBuildConfiguration;
			buildSettings = {
				ALWAYS_EMBED_SWIFT_STANDARD_LIBRARIES = YES;
				BUNDLE_LOADER = "$(TEST_HOST)";
				CODE_SIGN_STYLE = Automatic;
				CURRENT_PROJECT_VERSION = 1;
				GENERATE_INFOPLIST_FILE = YES;
				IPHONEOS_DEPLOYMENT_TARGET = 16.2;
				MARKETING_VERSION = 1.0;
				PRODUCT_BUNDLE_IDENTIFIER = com.itis.maksyak.DiaryTests;
				PRODUCT_NAME = "$(TARGET_NAME)";
				SWIFT_EMIT_LOC_STRINGS = NO;
				SWIFT_VERSION = 5.0;
				TARGETED_DEVICE_FAMILY = "1,2";
				TEST_HOST = "$(BUILT_PRODUCTS_DIR)/Diary.app/$(BUNDLE_EXECUTABLE_FOLDER_PATH)/Diary";
			};
			name = Debug;
		};
		7E5A38022A4DCA83007AB924 /* Release */ = {
			isa = XCBuildConfiguration;
			buildSettings = {
				ALWAYS_EMBED_SWIFT_STANDARD_LIBRARIES = YES;
				BUNDLE_LOADER = "$(TEST_HOST)";
				CODE_SIGN_STYLE = Automatic;
				CURRENT_PROJECT_VERSION = 1;
				GENERATE_INFOPLIST_FILE = YES;
				IPHONEOS_DEPLOYMENT_TARGET = 16.2;
				MARKETING_VERSION = 1.0;
				PRODUCT_BUNDLE_IDENTIFIER = com.itis.maksyak.DiaryTests;
				PRODUCT_NAME = "$(TARGET_NAME)";
				SWIFT_EMIT_LOC_STRINGS = NO;
				SWIFT_VERSION = 5.0;
				TARGETED_DEVICE_FAMILY = "1,2";
				TEST_HOST = "$(BUILT_PRODUCTS_DIR)/Diary.app/$(BUNDLE_EXECUTABLE_FOLDER_PATH)/Diary";
			};
			name = Release;
		};
		7E5A38042A4DCA83007AB924 /* Debug */ = {
			isa = XCBuildConfiguration;
			buildSettings = {
				ALWAYS_EMBED_SWIFT_STANDARD_LIBRARIES = YES;
				CODE_SIGN_STYLE = Automatic;
				CURRENT_PROJECT_VERSION = 1;
				GENERATE_INFOPLIST_FILE = YES;
				MARKETING_VERSION = 1.0;
				PRODUCT_BUNDLE_IDENTIFIER = com.itis.maksyak.DiaryUITests;
				PRODUCT_NAME = "$(TARGET_NAME)";
				SWIFT_EMIT_LOC_STRINGS = NO;
				SWIFT_VERSION = 5.0;
				TARGETED_DEVICE_FAMILY = "1,2";
				TEST_TARGET_NAME = Diary;
			};
			name = Debug;
		};
		7E5A38052A4DCA83007AB924 /* Release */ = {
			isa = XCBuildConfiguration;
			buildSettings = {
				ALWAYS_EMBED_SWIFT_STANDARD_LIBRARIES = YES;
				CODE_SIGN_STYLE = Automatic;
				CURRENT_PROJECT_VERSION = 1;
				GENERATE_INFOPLIST_FILE = YES;
				MARKETING_VERSION = 1.0;
				PRODUCT_BUNDLE_IDENTIFIER = com.itis.maksyak.DiaryUITests;
				PRODUCT_NAME = "$(TARGET_NAME)";
				SWIFT_EMIT_LOC_STRINGS = NO;
				SWIFT_VERSION = 5.0;
				TARGETED_DEVICE_FAMILY = "1,2";
				TEST_TARGET_NAME = Diary;
			};
			name = Release;
		};
/* End XCBuildConfiguration section */

/* Begin XCConfigurationList section */
		7E5A37CE2A4DCA81007AB924 /* Build configuration list for PBXProject "Diary" */ = {
			isa = XCConfigurationList;
			buildConfigurations = (
				7E5A37FB2A4DCA83007AB924 /* Debug */,
				7E5A37FC2A4DCA83007AB924 /* Release */,
			);
			defaultConfigurationIsVisible = 0;
			defaultConfigurationName = Release;
		};
		7E5A37FD2A4DCA83007AB924 /* Build configuration list for PBXNativeTarget "Diary" */ = {
			isa = XCConfigurationList;
			buildConfigurations = (
				7E5A37FE2A4DCA83007AB924 /* Debug */,
				7E5A37FF2A4DCA83007AB924 /* Release */,
			);
			defaultConfigurationIsVisible = 0;
			defaultConfigurationName = Release;
		};
		7E5A38002A4DCA83007AB924 /* Build configuration list for PBXNativeTarget "DiaryTests" */ = {
			isa = XCConfigurationList;
			buildConfigurations = (
				7E5A38012A4DCA83007AB924 /* Debug */,
				7E5A38022A4DCA83007AB924 /* Release */,
			);
			defaultConfigurationIsVisible = 0;
			defaultConfigurationName = Release;
		};
		7E5A38032A4DCA83007AB924 /* Build configuration list for PBXNativeTarget "DiaryUITests" */ = {
			isa = XCConfigurationList;
			buildConfigurations = (
				7E5A38042A4DCA83007AB924 /* Debug */,
				7E5A38052A4DCA83007AB924 /* Release */,
			);
			defaultConfigurationIsVisible = 0;
			defaultConfigurationName = Release;
		};
/* End XCConfigurationList section */
	};
	rootObject = 7E5A37CB2A4DCA81007AB924 /* Project object */;
}
